
Microsoft Visual Studio Solution File, Format Version 12.00
# Visual Studio Version 17
VisualStudioVersion = 17.4.33122.133
MinimumVisualStudioVersion = 10.0.40219.1
Project("{FAE04EC0-301F-11D3-BF4B-00C04F79EFBC}") = "DataProvider", "DataProvider\DataProvider.csproj", "{47A8188B-7942-4A62-BF96-F15AA863FC12}"
EndProject
Project("{FAE04EC0-301F-11D3-BF4B-00C04F79EFBC}") = "DataProviderDemo", "DataProviderDemo\DataProviderDemo.csproj", "{DA18DD48-165C-4055-B72E-7C24D12A8A96}"
EndProject
Global
	GlobalSection(SolutionConfigurationPlatforms) = preSolution
		Debug|Any CPU = Debug|Any CPU
		Release|Any CPU = Release|Any CPU
	EndGlobalSection
	GlobalSection(ProjectConfigurationPlatforms) = postSolution
		{47A8188B-7942-4A62-BF96-F15AA863FC12}.Debug|Any CPU.ActiveCfg = Debug|Any CPU
		{47A8188B-7942-4A62-BF96-F15AA863FC12}.Debug|Any CPU.Build.0 = Debug|Any CPU
		{47A8188B-7942-4A62-BF96-F15AA863FC12}.Release|Any CPU.ActiveCfg = Release|Any CPU
		{47A8188B-7942-4A62-BF96-F15AA863FC12}.Release|Any CPU.Build.0 = Release|Any CPU
		{DA18DD48-165C-4055-B72E-7C24D12A8A96}.Debug|Any CPU.ActiveCfg = Debug|Any CPU
		{DA18DD48-165C-4055-B72E-7C24D12A8A96}.Debug|Any CPU.Build.0 = Debug|Any CPU
		{DA18DD48-165C-4055-B72E-7C24D12A8A96}.Release|Any CPU.ActiveCfg = Release|Any CPU
		{DA18DD48-165C-4055-B72E-7C24D12A8A96}.Release|Any CPU.Build.0 = Release|Any CPU
	EndGlobalSection
	GlobalSection(SolutionProperties) = preSolution
		HideSolutionNode = FALSE
	EndGlobalSection
	GlobalSection(ExtensibilityGlobals) = postSolution
		SolutionGuid = {4877C863-2B60-42F8-BB33-E61529521124}
	EndGlobalSection
EndGlobal
